{
  "name": "merge-room-cli",
  "version": "0.5.0",
  "lockfileVersion": 3,
  "requires": true,
  "packages": {
    "": {
      "name": "merge-room-cli",
      "version": "0.5.0",
      "license": "MIT",
      "bin": {
        "merge-room": "bin/merge-room.js"
      },
      "engines": {
        "node": ">=20"
      }
    }
  }
}
